
Microsoft Visual Studio Solution File, Format Version 12.00
# Visual Studio Version 17
VisualStudioVersion = 17.5.33530.505
MinimumVisualStudioVersion = 10.0.40219.1
Project("{2150E333-8FDC-42A3-9474-1A3956D46DE8}") = "src", "src", "{67263F34-5BC0-4B6A-B66B-2B7863074DAC}"
EndProject
Project("{9A19103F-16F7-4668-BE54-9A1E7A4F7556}") = "Shop.Domain", "src\Domain\Shop.Domain.csproj", "{FD6A5A60-22EF-4263-A00E-2BA5EB3337F1}"
EndProject
Project("{9A19103F-16F7-4668-BE54-9A1E7A4F7556}") = "Shop.Application", "src\Application\Shop.Application.csproj", "{0F83D592-5D9F-4A4F-82E7-3FA2AFC24A7C}"
EndProject
Project("{9A19103F-16F7-4668-BE54-9A1E7A4F7556}") = "Shop.Infrastructure", "src\Infrastructure\Shop.Infrastructure.csproj", "{1BDA7EBC-8929-44CF-83D1-A78AB91EC97D}"
EndProject
Project("{9A19103F-16F7-4668-BE54-9A1E7A4F7556}") = "Shop.Persistence", "src\Persistence\Shop.Persistence.csproj", "{A88E110C-421F-4662-8807-5740DCABCB79}"
EndProject
Project("{9A19103F-16F7-4668-BE54-9A1E7A4F7556}") = "Shop.Api", "src\WebApi\Shop.Api.csproj", "{E42305A4-2516-4A92-AC8F-C1ADB6365981}"
EndProject
Project("{2150E333-8FDC-42A3-9474-1A3956D46DE8}") = "test", "test", "{BDA426F7-F57C-45CD-8158-8AE25F7F3FE8}"
EndProject
Project("{FAE04EC0-301F-11D3-BF4B-00C04F79EFBC}") = "Architecture.Tests", "src\Architecture.Tests\Architecture.Tests.csproj", "{E28F744F-A419-469F-BC3D-F5271BC45182}"
EndProject
Project("{2150E333-8FDC-42A3-9474-1A3956D46DE8}") = "Core", "Core", "{FF897524-F386-4184-8646-6EF011AD5925}"
EndProject
Project("{2150E333-8FDC-42A3-9474-1A3956D46DE8}") = "API", "API", "{D5F16552-9203-49D8-8D10-8C5A0019DC6C}"
EndProject
Project("{2150E333-8FDC-42A3-9474-1A3956D46DE8}") = "Infrastructure", "Infrastructure", "{916F8470-129F-495D-88BD-DDE47DC052AE}"
EndProject
Global
	GlobalSection(SolutionConfigurationPlatforms) = preSolution
		Debug|Any CPU = Debug|Any CPU
		Release|Any CPU = Release|Any CPU
	EndGlobalSection
	GlobalSection(ProjectConfigurationPlatforms) = postSolution
		{FD6A5A60-22EF-4263-A00E-2BA5EB3337F1}.Debug|Any CPU.ActiveCfg = Debug|Any CPU
		{FD6A5A60-22EF-4263-A00E-2BA5EB3337F1}.Debug|Any CPU.Build.0 = Debug|Any CPU
		{FD6A5A60-22EF-4263-A00E-2BA5EB3337F1}.Release|Any CPU.ActiveCfg = Release|Any CPU
		{FD6A5A60-22EF-4263-A00E-2BA5EB3337F1}.Release|Any CPU.Build.0 = Release|Any CPU
		{0F83D592-5D9F-4A4F-82E7-3FA2AFC24A7C}.Debug|Any CPU.ActiveCfg = Debug|Any CPU
		{0F83D592-5D9F-4A4F-82E7-3FA2AFC24A7C}.Debug|Any CPU.Build.0 = Debug|Any CPU
		{0F83D592-5D9F-4A4F-82E7-3FA2AFC24A7C}.Release|Any CPU.ActiveCfg = Release|Any CPU
		{0F83D592-5D9F-4A4F-82E7-3FA2AFC24A7C}.Release|Any CPU.Build.0 = Release|Any CPU
		{1BDA7EBC-8929-44CF-83D1-A78AB91EC97D}.Debug|Any CPU.ActiveCfg = Debug|Any CPU
		{1BDA7EBC-8929-44CF-83D1-A78AB91EC97D}.Debug|Any CPU.Build.0 = Debug|Any CPU
		{1BDA7EBC-8929-44CF-83D1-A78AB91EC97D}.Release|Any CPU.ActiveCfg = Release|Any CPU
		{1BDA7EBC-8929-44CF-83D1-A78AB91EC97D}.Release|Any CPU.Build.0 = Release|Any CPU
		{A88E110C-421F-4662-8807-5740DCABCB79}.Debug|Any CPU.ActiveCfg = Debug|Any CPU
		{A88E110C-421F-4662-8807-5740DCABCB79}.Debug|Any CPU.Build.0 = Debug|Any CPU
		{A88E110C-421F-4662-8807-5740DCABCB79}.Release|Any CPU.ActiveCfg = Release|Any CPU
		{A88E110C-421F-4662-8807-5740DCABCB79}.Release|Any CPU.Build.0 = Release|Any CPU
		{E42305A4-2516-4A92-AC8F-C1ADB6365981}.Debug|Any CPU.ActiveCfg = Debug|Any CPU
		{E42305A4-2516-4A92-AC8F-C1ADB6365981}.Debug|Any CPU.Build.0 = Debug|Any CPU
		{E42305A4-2516-4A92-AC8F-C1ADB6365981}.Release|Any CPU.ActiveCfg = Release|Any CPU
		{E42305A4-2516-4A92-AC8F-C1ADB6365981}.Release|Any CPU.Build.0 = Release|Any CPU
		{E28F744F-A419-469F-BC3D-F5271BC45182}.Debug|Any CPU.ActiveCfg = Debug|Any CPU
		{E28F744F-A419-469F-BC3D-F5271BC45182}.Debug|Any CPU.Build.0 = Debug|Any CPU
		{E28F744F-A419-469F-BC3D-F5271BC45182}.Release|Any CPU.ActiveCfg = Release|Any CPU
		{E28F744F-A419-469F-BC3D-F5271BC45182}.Release|Any CPU.Build.0 = Release|Any CPU
	EndGlobalSection
	GlobalSection(SolutionProperties) = preSolution
		HideSolutionNode = FALSE
	EndGlobalSection
	GlobalSection(NestedProjects) = preSolution
		{FD6A5A60-22EF-4263-A00E-2BA5EB3337F1} = {FF897524-F386-4184-8646-6EF011AD5925}
		{0F83D592-5D9F-4A4F-82E7-3FA2AFC24A7C} = {FF897524-F386-4184-8646-6EF011AD5925}
		{1BDA7EBC-8929-44CF-83D1-A78AB91EC97D} = {916F8470-129F-495D-88BD-DDE47DC052AE}
		{A88E110C-421F-4662-8807-5740DCABCB79} = {916F8470-129F-495D-88BD-DDE47DC052AE}
		{E42305A4-2516-4A92-AC8F-C1ADB6365981} = {D5F16552-9203-49D8-8D10-8C5A0019DC6C}
		{E28F744F-A419-469F-BC3D-F5271BC45182} = {BDA426F7-F57C-45CD-8158-8AE25F7F3FE8}
		{FF897524-F386-4184-8646-6EF011AD5925} = {67263F34-5BC0-4B6A-B66B-2B7863074DAC}
		{D5F16552-9203-49D8-8D10-8C5A0019DC6C} = {67263F34-5BC0-4B6A-B66B-2B7863074DAC}
		{916F8470-129F-495D-88BD-DDE47DC052AE} = {67263F34-5BC0-4B6A-B66B-2B7863074DAC}
	EndGlobalSection
	GlobalSection(ExtensibilityGlobals) = postSolution
		SolutionGuid = {A8133BB3-D5C3-4242-9AE2-8DB641D5FC4D}
	EndGlobalSection
EndGlobal
